// !$*UTF8*$!
{
	archiveVersion = 1;
	classes = {
	};
	objectVersion = 46;
	objects = {

/* Begin PBXBuildFile section */
		381F573B1E1CEA8200B8D485 /* AppDelegate.swift in Sources */ = {isa = PBXBuildFile; fileRef = 381F573A1E1CEA8200B8D485 /* AppDelegate.swift */; };
		381F573D1E1CEA8200B8D485 /* ViewController.swift in Sources */ = {isa = PBXBuildFile; fileRef = 381F573C1E1CEA8200B8D485 /* ViewController.swift */; };
		381F57401E1CEA8200B8D485 /* Main.storyboard in Resources */ = {isa = PBXBuildFile; fileRef = 381F573E1E1CEA8200B8D485 /* Main.storyboard */; };
		381F57421E1CEA8200B8D485 /* Assets.xcassets in Resources */ = {isa = PBXBuildFile; fileRef = 381F57411E1CEA8200B8D485 /* Assets.xcassets */; };
		381F57451E1CEA8200B8D485 /* LaunchScreen.storyboard in Resources */ = {isa = PBXBuildFile; fileRef = 381F57431E1CEA8200B8D485 /* LaunchScreen.storyboard */; };
		381F57501E1CEAA900B8D485 /* FirstViewController.swift in Sources */ = {isa = PBXBuildFile; fileRef = 381F574C1E1CEAA900B8D485 /* FirstViewController.swift */; };
		381F57511E1CEAA900B8D485 /* FirstViewController.xib in Resources */ = {isa = PBXBuildFile; fileRef = 381F574D1E1CEAA900B8D485 /* FirstViewController.xib */; };
		381F57521E1CEAA900B8D485 /* SecondViewController.swift in Sources */ = {isa = PBXBuildFile; fileRef = 381F574E1E1CEAA900B8D485 /* SecondViewController.swift */; };
		381F57531E1CEAA900B8D485 /* SecondViewController.xib in Resources */ = {isa = PBXBuildFile; fileRef = 381F574F1E1CEAA900B8D485 /* SecondViewController.xib */; };
/* End PBXBuildFile section */

/* Begin PBXFileReference section */
		381F57371E1CEA8200B8D485 /* SwiftDelegateDemo.app */ = {isa = PBXFileReference; explicitFileType = wrapper.application; includeInIndex = 0; path = SwiftDelegateDemo.app; sourceTree = BUILT_PRODUCTS_DIR; };
		381F573A1E1CEA8200B8D485 /* AppDelegate.swift */ = {isa = PBXFileReference; lastKnownFileType = sourcecode.swift; path = AppDelegate.swift; sourceTree = "<group>"; };
		381F573C1E1CEA8200B8D485 /* ViewController.swift */ = {isa = PBXFileReference; lastKnownFileType = sourcecode.swift; path = ViewController.swift; sourceTree = "<group>"; };
		381F573F1E1CEA8200B8D485 /* Base */ = {isa = PBXFileReference; lastKnownFileType = file.storyboard; name = Base; path = Base.lproj/Main.storyboard; sourceTree = "<group>"; };
		381F57411E1CEA8200B8D485 /* Assets.xcassets */ = {isa = PBXFileReference; lastKnownFileType = folder.assetcatalog; path = Assets.xcassets; sourceTree = "<group>"; };
		381F57441E1CEA8200B8D485 /* Base */ = {isa = PBXFileReference; lastKnownFileType = file.storyboard; name = Base; path = Base.lproj/LaunchScreen.storyboard; sourceTree = "<group>"; };
		381F57461E1CEA8200B8D485 /* Info.plist */ = {isa = PBXFileReference; lastKnownFileType = text.plist.xml; path = Info.plist; sourceTree = "<group>"; };
		381F574C1E1CEAA900B8D485 /* FirstViewController.swift */ = {isa = PBXFileReference; fileEncoding = 4; lastKnownFileType = sourcecode.swift; path = FirstViewController.swift; sourceTree = "<group>"; };
		381F574D1E1CEAA900B8D485 /* FirstViewController.xib */ = {isa = PBXFileReference; fileEncoding = 4; lastKnownFileType = file.xib; path = FirstViewController.xib; sourceTree = "<group>"; };
		381F574E1E1CEAA900B8D485 /* SecondViewController.swift */ = {isa = PBXFileReference; fileEncoding = 4; lastKnownFileType = sourcecode.swift; path = SecondViewController.swift; sourceTree = "<group>"; };
		381F574F1E1CEAA900B8D485 /* SecondViewController.xib */ = {isa = PBXFileReference; fileEncoding = 4; lastKnownFileType = file.xib; path = SecondViewController.xib; sourceTree = "<group>"; };
/* End PBXFileReference section */

/* Begin PBXFrameworksBuildPhase section */
		381F57341E1CEA8200B8D485 /* Frameworks */ = {
			isa = PBXFrameworksBuildPhase;
			buildActionMask = 2147483647;
			files = (
			);
			runOnlyForDeploymentPostprocessing = 0;
		};
/* End PBXFrameworksBuildPhase section */

/* Begin PBXGroup section */
		381F572E1E1CEA8200B8D485 = {
			isa = PBXGroup;
			children = (
				381F57391E1CEA8200B8D485 /* SwiftDelegateDemo */,
				381F57381E1CEA8200B8D485 /* Products */,
			);
			sourceTree = "<group>";
		};
		381F57381E1CEA8200B8D485 /* Products */ = {
			isa = PBXGroup;
			children = (
				381F57371E1CEA8200B8D485 /* SwiftDelegateDemo.app */,
			);
			name = Products;
			sourceTree = "<group>";
		};
		381F57391E1CEA8200B8D485 /* SwiftDelegateDemo */ = {
			isa = PBXGroup;
			children = (
				381F573A1E1CEA8200B8D485 /* AppDelegate.swift */,
				381F574C1E1CEAA900B8D485 /* FirstViewController.swift */,
				381F574D1E1CEAA900B8D485 /* FirstViewController.xib */,
				381F574E1E1CEAA900B8D485 /* SecondViewController.swift */,
				381F574F1E1CEAA900B8D485 /* SecondViewController.xib */,
				381F573C1E1CEA8200B8D485 /* ViewController.swift */,
				381F573E1E1CEA8200B8D485 /* Main.storyboard */,
				381F57411E1CEA8200B8D485 /* Assets.xcassets */,
				381F57431E1CEA8200B8D485 /* LaunchScreen.storyboard */,
				381F57461E1CEA8200B8D485 /* Info.plist */,
			);
			path = SwiftDelegateDemo;
			sourceTree = "<group>";
		};
/* End PBXGroup section */

/* Begin PBXNativeTarget section */
		381F57361E1CEA8200B8D485 /* SwiftDelegateDemo */ = {
			isa = PBXNativeTarget;
			buildConfigurationList = 381F57491E1CEA8200B8D485 /* Build configuration list for PBXNativeTarget "SwiftDelegateDemo" */;
			buildPhases = (
				381F57331E1CEA8200B8D485 /* Sources */,
				381F57341E1CEA8200B8D485 /* Frameworks */,
				381F57351E1CEA8200B8D485 /* Resources */,
			);
			buildRules = (
			);
			dependencies = (
			);
			name = SwiftDelegateDemo;
			productName = SwiftDelegateDemo;
			productReference = 381F57371E1CEA8200B8D485 /* SwiftDelegateDemo.app */;
			productType = "com.apple.product-type.application";
		};
/* End PBXNativeTarget section */

/* Begin PBXProject section */
		381F572F1E1CEA8200B8D485 /* Project object */ = {
			isa = PBXProject;
			attributes = {
				LastSwiftUpdateCheck = 0820;
				LastUpgradeCheck = 0820;
				ORGANIZATIONNAME = Lym;
				TargetAttributes = {
					381F57361E1CEA8200B8D485 = {
						CreatedOnToolsVersion = 8.2.1;
						ProvisioningStyle = Automatic;
					};
				};
			};
			buildConfigurationList = 381F57321E1CEA8200B8D485 /* Build configuration list for PBXProject "SwiftDelegateDemo" */;
			compatibilityVersion = "Xcode 3.2";
			developmentRegion = English;
			hasScannedForEncodings = 0;
			knownRegions = (
				en,
				Base,
			);
			mainGroup = 381F572E1E1CEA8200B8D485;
			productRefGroup = 381F57381E1CEA8200B8D485 /* Products */;
			projectDirPath = "";
			projectRoot = "";
			targets = (
				381F57361E1CEA8200B8D485 /* SwiftDelegateDemo */,
			);
		};
/* End PBXProject section */

/* Begin PBXResourcesBuildPhase section */
		381F57351E1CEA8200B8D485 /* Resources */ = {
			isa = PBXResourcesBuildPhase;
			buildActionMask = 2147483647;
			files = (
				381F57451E1CEA8200B8D485 /* LaunchScreen.storyboard in Resources */,
				381F57421E1CEA8200B8D485 /* Assets.xcassets in Resources */,
				381F57401E1CEA8200B8D485 /* Main.storyboard in Resources */,
				381F57511E1CEAA900B8D485 /* FirstViewController.xib in Resources */,
				381F57531E1CEAA900B8D485 /* SecondViewController.xib in Resources */,
			);
			runOnlyForDeploymentPostprocessing = 0;
		};
/* End PBXResourcesBuildPhase section */

/* Begin PBXSourcesBuildPhase section */
		381F57331E1CEA8200B8D485 /* Sources */ = {
			isa = PBXSourcesBuildPhase;
			buildActionMask = 2147483647;
			files = (
				381F57521E1CEAA900B8D485 /* SecondViewController.swift in Sources */,
				381F57501E1CEAA900B8D485 /* FirstViewController.swift in Sources */,
				381F573D1E1CEA8200B8D485 /* ViewController.swift in Sources */,
				381F573B1E1CEA8200B8D485 /* AppDelegate.swift in Sources */,
			);
			runOnlyForDeploymentPostprocessing = 0;
		};
/* End PBXSourcesBuildPhase section */

/* Begin PBXVariantGroup section */
		381F573E1E1CEA8200B8D485 /* Main.storyboard */ = {
			isa = PBXVariantGroup;
			children = (
				381F573F1E1CEA8200B8D485 /* Base */,
			);
			name = Main.storyboard;
			sourceTree = "<group>";
		};
		381F57431E1CEA8200B8D485 /* LaunchScreen.storyboard */ = {
			isa = PBXVariantGroup;
			children = (
				381F57441E1CEA8200B8D485 /* Base */,
			);
			name = LaunchScreen.storyboard;
			sourceTree = "<group>";
		};
/* End PBXVariantGroup section */

/* Begin XCBuildConfiguration section */
		381F57471E1CEA8200B8D485 /* Debug */ = {
			isa = XCBuildConfiguration;
			buildSettings = {
				ALWAYS_SEARCH_USER_PATHS = NO;
				CLANG_ANALYZER_NONNULL = YES;
				CLANG_CXX_LANGUAGE_STANDARD = "gnu++0x";
				CLANG_CXX_LIBRARY = "libc++";
				CLANG_ENABLE_MODULES = YES;
				CLANG_ENABLE_OBJC_ARC = YES;
				CLANG_WARN_BOOL_CONVERSION = YES;
				CLANG_WARN_CONSTANT_CONVERSION = YES;
				CLANG_WARN_DIRECT_OBJC_ISA_USAGE = YES_ERROR;
				CLANG_WARN_DOCUMENTATION_COMMENTS = YES;
				CLANG_WARN_EMPTY_BODY = YES;
				CLANG_WARN_ENUM_CONVERSION = YES;
				CLANG_WARN_INFINITE_RECURSION = YES;
				CLANG_WARN_INT_CONVERSION = YES;
				CLANG_WARN_OBJC_ROOT_CLASS = YES_ERROR;
				CLANG_WARN_SUSPICIOUS_MOVE = YES;
				CLANG_WARN_UNREACHABLE_CODE = YES;
				CLANG_WARN__DUPLICATE_METHOD_MATCH = YES;
				"CODE_SIGN_IDENTITY[sdk=iphoneos*]" = "iPhone Developer";
				COPY_PHASE_STRIP = NO;
				DEBUG_INFORMATION_FORMAT = dwarf;
				ENABLE_STRICT_OBJC_MSGSEND = YES;
				ENABLE_TESTABILITY = YES;
				GCC_C_LANGUAGE_STANDARD = gnu99;
				GCC_DYNAMIC_NO_PIC = NO;
				GCC_NO_COMMON_BLOCKS = YES;
				GCC_OPTIMIZATION_LEVEL = 0;
				GCC_PREPROCESSOR_DEFINITIONS = (
					"DEBUG=1",
					"$(inherited)",
				);
				GCC_WARN_64_TO_32_BIT_CONVERSION = YES;
				GCC_WARN_ABOUT_RETURN_TYPE = YES_ERROR;
				GCC_WARN_UNDECLARED_SELECTOR = YES;
				GCC_WARN_UNINITIALIZED_AUTOS = YES_AGGRESSIVE;
				GCC_WARN_UNUSED_FUNCTION = YES;
				GCC_WARN_UNUSED_VARIABLE = YES;
				IPHONEOS_DEPLOYMENT_TARGET = 10.2;
				MTL_ENABLE_DEBUG_INFO = YES;
				ONLY_ACTIVE_ARCH = YES;
				SDKROOT = iphoneos;
				SWIFT_ACTIVE_COMPILATION_CONDITIONS = DEBUG;
				SWIFT_OPTIMIZATION_LEVEL = "-Onone";
			};
			name = Debug;
		};
		381F57481E1CEA8200B8D485 /* Release */ = {
			isa = XCBuildConfiguration;
			buildSettings = {
				ALWAYS_SEARCH_USER_PATHS = NO;
				CLANG_ANALYZER_NONNULL = YES;
				CLANG_CXX_LANGUAGE_STANDARD = "gnu++0x";
				CLANG_CXX_LIBRARY = "libc++";
				CLANG_ENABLE_MODULES = YES;
				CLANG_ENABLE_OBJC_ARC = YES;
				CLANG_WARN_BOOL_CONVERSION = YES;
				CLANG_WARN_CONSTANT_CONVERSION = YES;
				CLANG_WARN_DIRECT_OBJC_ISA_USAGE = YES_ERROR;
				CLANG_WARN_DOCUMENTATION_COMMENTS = YES;
				CLANG_WARN_EMPTY_BODY = YES;
				CLANG_WARN_ENUM_CONVERSION = YES;
				CLANG_WARN_INFINITE_RECURSION = YES;
				CLANG_WARN_INT_CONVERSION = YES;
				CLANG_WARN_OBJC_ROOT_CLASS = YES_ERROR;
				CLANG_WARN_SUSPICIOUS_MOVE = YES;
				CLANG_WARN_UNREACHABLE_CODE = YES;
				CLANG_WARN__DUPLICATE_METHOD_MATCH = YES;
				"CODE_SIGN_IDENTITY[sdk=iphoneos*]" = "iPhone Developer";
				COPY_PHASE_STRIP = NO;
				DEBUG_INFORMATION_FORMAT = "dwarf-with-dsym";
				ENABLE_NS_ASSERTIONS = NO;
				ENABLE_STRICT_OBJC_MSGSEND = YES;
				GCC_C_LANGUAGE_STANDARD = gnu99;
				GCC_NO_COMMON_BLOCKS = YES;
				GCC_WARN_64_TO_32_BIT_CONVERSION = YES;
				GCC_WARN_ABOUT_RETURN_TYPE = YES_ERROR;
				GCC_WARN_UNDECLARED_SELECTOR = YES;
				GCC_WARN_UNINITIALIZED_AUTOS = YES_AGGRESSIVE;
				GCC_WARN_UNUSED_FUNCTION = YES;
				GCC_WARN_UNUSED_VARIABLE = YES;
				IPHONEOS_DEPLOYMENT_TARGET = 10.2;
				MTL_ENABLE_DEBUG_INFO = NO;
				SDKROOT = iphoneos;
				SWIFT_OPTIMIZATION_LEVEL = "-Owholemodule";
				VALIDATE_PRODUCT = YES;
			};
			name = Release;
		};
		381F574A1E1CEA8200B8D485 /* Debug */ = {
			isa = XCBuildConfiguration;
			buildSettings = {
				ASSETCATALOG_COMPILER_APPICON_NAME = AppIcon;
				DEVELOPMENT_TEAM = "";
				INFOPLIST_FILE = SwiftDelegateDemo/Info.plist;
				LD_RUNPATH_SEARCH_PATHS = "$(inherited) @executable_path/Frameworks";
				PRODUCT_BUNDLE_IDENTIFIER = com.Lym.SwiftDelegateDemo;
				PRODUCT_NAME = "$(TARGET_NAME)";
				SWIFT_VERSION = 3.0;
			};
			name = Debug;
		};
		381F574B1E1CEA8200B8D485 /* Release */ = {
			isa = XCBuildConfiguration;
			buildSettings = {
				ASSETCATALOG_COMPILER_APPICON_NAME = AppIcon;
				DEVELOPMENT_TEAM = "";
				INFOPLIST_FILE = SwiftDelegateDemo/Info.plist;
				LD_RUNPATH_SEARCH_PATHS = "$(inherited) @executable_path/Frameworks";
				PRODUCT_BUNDLE_IDENTIFIER = com.Lym.SwiftDelegateDemo;
				PRODUCT_NAME = "$(TARGET_NAME)";
				SWIFT_VERSION = 3.0;
			};
			name = Release;
		};
/* End XCBuildConfiguration section */

/* Begin XCConfigurationList section */
		381F57321E1CEA8200B8D485 /* Build configuration list for PBXProject "SwiftDelegateDemo" */ = {
			isa = XCConfigurationList;
			buildConfigurations = (
				381F57471E1CEA8200B8D485 /* Debug */,
				381F57481E1CEA8200B8D485 /* Release */,
			);
			defaultConfigurationIsVisible = 0;
			defaultConfigurationName = Release;
		};
		381F57491E1CEA8200B8D485 /* Build configuration list for PBXNativeTarget "SwiftDelegateDemo" */ = {
			isa = XCConfigurationList;
			buildConfigurations = (
				381F574A1E1CEA8200B8D485 /* Debug */,
				381F574B1E1CEA8200B8D485 /* Release */,
			);
			defaultConfigurationIsVisible = 0;
		};
/* End XCConfigurationList section */
	};
	rootObject = 381F572F1E1CEA8200B8D485 /* Project object */;
}
